{
    "_readme": [
        "This file locks the dependencies of your project to a known state",
        "Read more about it at https://getcomposer.org/doc/01-basic-usage.md#installing-dependencies",
        "This file is @generated automatically"
    ],
    "content-hash": "3a29bab2c298d88d61ac1e7d0df22410",
    "packages": [
        {
            "name": "fzaninotto/faker",
            "version": "v1.8.0",
            "source": {
                "type": "git",
                "url": "https://github.com/fzaninotto/Faker.git",
                "reference": "f72816b43e74063c8b10357394b6bba8cb1c10de"
            },
            "dist": {
                "type": "zip",
                "url": "https://api.github.com/repos/fzaninotto/Faker/zipball/f72816b43e74063c8b10357394b6bba8cb1c10de",
                "reference": "f72816b43e74063c8b10357394b6bba8cb1c10de",
                "shasum": ""
            },
            "require": {
                "php": "^5.3.3 || ^7.0"
            },
            "require-dev": {
                "ext-intl": "*",
                "phpunit/phpunit": "^4.8.35 || ^5.7",
                "squizlabs/php_codesniffer": "^1.5"
            },
            "type": "library",
            "extra": {
                "branch-alias": {
                    "dev-master": "1.8-dev"
                }
            },
            "autoload": {
                "psr-4": {
                    "Faker\\": "src/Faker/"
                }
            },
            "notification-url": "https://packagist.org/downloads/",
            "license": [
                "MIT"
            ],
            "authors": [
                {
                    "name": "François Zaninotto"
                }
            ],
            "description": "Faker is a PHP library that generates fake data for you.",
            "keywords": [
                "data",
                "faker",
                "fixtures"
            ],
            "time": "2018-07-12T10:23:15+00:00"
        },
        {
            "name": "kaspi/kapi-framework",
            "version": "dev-master",
            "source": {
                "type": "git",
                "url": "https://github.com/agdobrynin/kaspi-framework.git",
                "reference": "e538b3783bab84b9e3dcdcccfb755a74f4fe99fc"
            },
            "dist": {
                "type": "zip",
                "url": "https://api.github.com/repos/agdobrynin/kaspi-framework/zipball/e538b3783bab84b9e3dcdcccfb755a74f4fe99fc",
                "reference": "e538b3783bab84b9e3dcdcccfb755a74f4fe99fc",
                "shasum": ""
            },
            "require": {
                "ext-json": "*",
                "ext-pdo": "*",
                "php": "^7.2",
                "ralouphie/getallheaders": "^3.0.3",
                "splitbrain/php-cli": "^1.1"
            },
            "require-dev": {
                "friendsofphp/php-cs-fixer": "^2.15",
                "roave/security-advisories": "dev-master"
            },
            "bin": [
                "bin/kaspi-migrate"
            ],
            "type": "library",
            "autoload": {
                "psr-4": {
                    "Kaspi\\": "src/kaspi"
                },
                "files": [
                    "src/kaspi/helpers/helpers.php"
                ]
            },
            "notification-url": "https://packagist.org/downloads/",
            "license": [
                "MIT"
            ],
            "authors": [
                {
                    "name": "Alexei Dobrynin",
                    "email": "ag.dobrynin@gmail.com",
                    "homepage": "http://kaspi.ru"
                }
            ],
            "description": "A Kaspi Framework - simple MVC web application",
            "keywords": [
                "api",
                "framework",
                "micro",
                "router"
            ],
            "time": "2019-09-12T08:46:50+00:00"
        },
        {
            "name": "ralouphie/getallheaders",
            "version": "3.0.3",
            "source": {
                "type": "git",
                "url": "https://github.com/ralouphie/getallheaders.git",
                "reference": "120b605dfeb996808c31b6477290a714d356e822"
            },
            "dist": {
                "type": "zip",
                "url": "https://api.github.com/repos/ralouphie/getallheaders/zipball/120b605dfeb996808c31b6477290a714d356e822",
                "reference": "120b605dfeb996808c31b6477290a714d356e822",
                "shasum": ""
            },
            "require": {
                "php": ">=5.6"
            },
            "require-dev": {
                "php-coveralls/php-coveralls": "^2.1",
                "phpunit/phpunit": "^5 || ^6.5"
            },
            "type": "library",
            "autoload": {
                "files": [
                    "src/getallheaders.php"
                ]
            },
            "notification-url": "https://packagist.org/downloads/",
            "license": [
                "MIT"
            ],
            "authors": [
                {
                    "name": "Ralph Khattar",
                    "email": "ralph.khattar@gmail.com"
                }
            ],
            "description": "A polyfill for getallheaders.",
            "time": "2019-03-08T08:55:37+00:00"
        },
        {
            "name": "splitbrain/php-cli",
            "version": "1.1.5",
            "source": {
                "type": "git",
                "url": "https://github.com/splitbrain/php-cli.git",
                "reference": "e982d40d074ab9f2669c3c0a2e40559b098cd894"
            },
            "dist": {
                "type": "zip",
                "url": "https://api.github.com/repos/splitbrain/php-cli/zipball/e982d40d074ab9f2669c3c0a2e40559b098cd894",
                "reference": "e982d40d074ab9f2669c3c0a2e40559b098cd894",
                "shasum": ""
            },
            "require": {
                "php": ">=5.3.0"
            },
            "require-dev": {
                "phpunit/phpunit": "4.5.*"
            },
            "suggest": {
                "psr/log": "Allows you to make the CLI available as PSR-3 logger"
            },
            "type": "library",
            "autoload": {
                "psr-4": {
                    "splitbrain\\phpcli\\": "src"
                }
            },
            "notification-url": "https://packagist.org/downloads/",
            "license": [
                "MIT"
            ],
            "authors": [
                {
                    "name": "Andreas Gohr",
                    "email": "andi@splitbrain.org"
                }
            ],
            "description": "Easy command line scripts for PHP with opt parsing and color output. No dependencies",
            "keywords": [
                "argparse",
                "cli",
                "command line",
                "console",
                "getopt",
                "optparse",
                "terminal"
            ],
            "time": "2018-09-29T07:51:34+00:00"
        },
        {
            "name": "symfony/dotenv",
            "version": "v4.3.4",
            "source": {
                "type": "git",
                "url": "https://github.com/symfony/dotenv.git",
                "reference": "1785b18148a016b8f4e6a612291188d568e1f9cd"
            },
            "dist": {
                "type": "zip",
                "url": "https://api.github.com/repos/symfony/dotenv/zipball/1785b18148a016b8f4e6a612291188d568e1f9cd",
                "reference": "1785b18148a016b8f4e6a612291188d568e1f9cd",
                "shasum": ""
            },
            "require": {
                "php": "^7.1.3"
            },
            "require-dev": {
                "symfony/process": "~3.4|~4.0"
            },
            "type": "library",
            "extra": {
                "branch-alias": {
                    "dev-master": "4.3-dev"
                }
            },
            "autoload": {
                "psr-4": {
                    "Symfony\\Component\\Dotenv\\": ""
                },
                "exclude-from-classmap": [
                    "/Tests/"
                ]
            },
            "notification-url": "https://packagist.org/downloads/",
            "license": [
                "MIT"
            ],
            "authors": [
                {
                    "name": "Fabien Potencier",
                    "email": "fabien@symfony.com"
                },
                {
                    "name": "Symfony Community",
                    "homepage": "https://symfony.com/contributors"
                }
            ],
            "description": "Registers environment variables from a .env file",
            "homepage": "https://symfony.com",
            "keywords": [
                "dotenv",
                "env",
                "environment"
            ],
            "time": "2019-08-03T21:50:52+00:00"
        }
    ],
    "packages-dev": [],
    "aliases": [],
    "minimum-stability": "stable",
    "stability-flags": {
        "kaspi/kapi-framework": 20
    },
    "prefer-stable": false,
    "prefer-lowest": false,
    "platform": {
        "php": "^7.2",
        "ext-pdo": "*"
    },
    "platform-dev": []
}
